
Microsoft Visual Studio Solution File, Format Version 12.00
# Visual Studio Version 16
VisualStudioVersion = 16.0.32428.217
MinimumVisualStudioVersion = 10.0.40219.1
Project("{FAE04EC0-301F-11D3-BF4B-00C04F79EFBC}") = "Functions", "Functions\Functions.csproj", "{28871764-6EF3-4EDF-8550-E33CB3EA0775}"
EndProject
Project("{FAE04EC0-301F-11D3-BF4B-00C04F79EFBC}") = "UserNameData", "UserNameData\UserNameData.csproj", "{C0B83B71-DD54-4FF1-B80E-3C4418AB277B}"
EndProject
Project("{FAE04EC0-301F-11D3-BF4B-00C04F79EFBC}") = "UserNameDataTask", "UserNameDataTask\UserNameDataTask.csproj", "{C2E43F31-73DD-4CF8-B72A-8C2416FC2693}"
EndProject
Global
	GlobalSection(SolutionConfigurationPlatforms) = preSolution
		Debug|Any CPU = Debug|Any CPU
		Release|Any CPU = Release|Any CPU
	EndGlobalSection
	GlobalSection(ProjectConfigurationPlatforms) = postSolution
		{28871764-6EF3-4EDF-8550-E33CB3EA0775}.Debug|Any CPU.ActiveCfg = Debug|Any CPU
		{28871764-6EF3-4EDF-8550-E33CB3EA0775}.Debug|Any CPU.Build.0 = Debug|Any CPU
		{28871764-6EF3-4EDF-8550-E33CB3EA0775}.Release|Any CPU.ActiveCfg = Release|Any CPU
		{28871764-6EF3-4EDF-8550-E33CB3EA0775}.Release|Any CPU.Build.0 = Release|Any CPU
		{C0B83B71-DD54-4FF1-B80E-3C4418AB277B}.Debug|Any CPU.ActiveCfg = Debug|Any CPU
		{C0B83B71-DD54-4FF1-B80E-3C4418AB277B}.Debug|Any CPU.Build.0 = Debug|Any CPU
		{C0B83B71-DD54-4FF1-B80E-3C4418AB277B}.Release|Any CPU.ActiveCfg = Release|Any CPU
		{C0B83B71-DD54-4FF1-B80E-3C4418AB277B}.Release|Any CPU.Build.0 = Release|Any CPU
		{C2E43F31-73DD-4CF8-B72A-8C2416FC2693}.Debug|Any CPU.ActiveCfg = Debug|Any CPU
		{C2E43F31-73DD-4CF8-B72A-8C2416FC2693}.Debug|Any CPU.Build.0 = Debug|Any CPU
		{C2E43F31-73DD-4CF8-B72A-8C2416FC2693}.Release|Any CPU.ActiveCfg = Release|Any CPU
		{C2E43F31-73DD-4CF8-B72A-8C2416FC2693}.Release|Any CPU.Build.0 = Release|Any CPU
	EndGlobalSection
	GlobalSection(SolutionProperties) = preSolution
		HideSolutionNode = FALSE
	EndGlobalSection
	GlobalSection(ExtensibilityGlobals) = postSolution
		SolutionGuid = {B65AEB39-EF6F-4FC4-9F8B-4680AE912D72}
	EndGlobalSection
EndGlobal
